
Microsoft Visual Studio Solution File, Format Version 12.00
# Visual Studio Version 17
VisualStudioVersion = 17.6.33815.320
MinimumVisualStudioVersion = 10.0.40219.1
Project("{FAE04EC0-301F-11D3-BF4B-00C04F79EFBC}") = "EFCoreConsoleAppDemo", "EFCoreConsoleAppDemo.csproj", "{6FA0851E-B667-4951-B67F-53400BBF28C3}"
EndProject
Global
	GlobalSection(SolutionConfigurationPlatforms) = preSolution
		Debug|Any CPU = Debug|Any CPU
		Release|Any CPU = Release|Any CPU
	EndGlobalSection
	GlobalSection(ProjectConfigurationPlatforms) = postSolution
		{6FA0851E-B667-4951-B67F-53400BBF28C3}.Debug|Any CPU.ActiveCfg = Debug|Any CPU
		{6FA0851E-B667-4951-B67F-53400BBF28C3}.Debug|Any CPU.Build.0 = Debug|Any CPU
		{6FA0851E-B667-4951-B67F-53400BBF28C3}.Release|Any CPU.ActiveCfg = Release|Any CPU
		{6FA0851E-B667-4951-B67F-53400BBF28C3}.Release|Any CPU.Build.0 = Release|Any CPU
	EndGlobalSection
	GlobalSection(SolutionProperties) = preSolution
		HideSolutionNode = FALSE
	EndGlobalSection
	GlobalSection(ExtensibilityGlobals) = postSolution
		SolutionGuid = {BA28D461-0160-47E4-95EF-5551B2B0BA83}
	EndGlobalSection
EndGlobal
